
Microsoft Visual Studio Solution File, Format Version 12.00
# Visual Studio Version 16
VisualStudioVersion = 16.0.31729.503
MinimumVisualStudioVersion = 10.0.40219.1
Project("{FAE04EC0-301F-11D3-BF4B-00C04F79EFBC}") = "ObrabotkaMasiv", "ObrabotkaMasiv\ObrabotkaMasiv.csproj", "{6C5C07D1-A13B-454F-A3C0-B7A1F766915E}"
EndProject
Global
	GlobalSection(SolutionConfigurationPlatforms) = preSolution
		Debug|Any CPU = Debug|Any CPU
		Release|Any CPU = Release|Any CPU
	EndGlobalSection
	GlobalSection(ProjectConfigurationPlatforms) = postSolution
		{6C5C07D1-A13B-454F-A3C0-B7A1F766915E}.Debug|Any CPU.ActiveCfg = Debug|Any CPU
		{6C5C07D1-A13B-454F-A3C0-B7A1F766915E}.Debug|Any CPU.Build.0 = Debug|Any CPU
		{6C5C07D1-A13B-454F-A3C0-B7A1F766915E}.Release|Any CPU.ActiveCfg = Release|Any CPU
		{6C5C07D1-A13B-454F-A3C0-B7A1F766915E}.Release|Any CPU.Build.0 = Release|Any CPU
	EndGlobalSection
	GlobalSection(SolutionProperties) = preSolution
		HideSolutionNode = FALSE
	EndGlobalSection
	GlobalSection(ExtensibilityGlobals) = postSolution
		SolutionGuid = {66768D52-E0EB-408D-97F0-B89F819A97A3}
	EndGlobalSection
EndGlobal
