
Microsoft Visual Studio Solution File, Format Version 12.00
# Visual Studio Version 16
VisualStudioVersion = 16.0.31005.135
MinimumVisualStudioVersion = 10.0.40219.1
Project("{FAE04EC0-301F-11D3-BF4B-00C04F79EFBC}") = "RemoveFirst", "RemoveFirst\RemoveFirst.csproj", "{16C4EDFB-FB19-4CF1-ADB8-2758C801A613}"
EndProject
Project("{FAE04EC0-301F-11D3-BF4B-00C04F79EFBC}") = "ListManipulation", "ListManipulation\ListManipulation.csproj", "{28ABB866-20E7-495A-A626-BBB72D32A2F3}"
EndProject
Project("{FAE04EC0-301F-11D3-BF4B-00C04F79EFBC}") = "DeistviqMasivi", "DeistviqMasivi\DeistviqMasivi.csproj", "{B6F50387-01C3-4D95-B389-3B2314A871B9}"
EndProject
Global
	GlobalSection(SolutionConfigurationPlatforms) = preSolution
		Debug|Any CPU = Debug|Any CPU
		Release|Any CPU = Release|Any CPU
	EndGlobalSection
	GlobalSection(ProjectConfigurationPlatforms) = postSolution
		{16C4EDFB-FB19-4CF1-ADB8-2758C801A613}.Debug|Any CPU.ActiveCfg = Debug|Any CPU
		{16C4EDFB-FB19-4CF1-ADB8-2758C801A613}.Debug|Any CPU.Build.0 = Debug|Any CPU
		{16C4EDFB-FB19-4CF1-ADB8-2758C801A613}.Release|Any CPU.ActiveCfg = Release|Any CPU
		{16C4EDFB-FB19-4CF1-ADB8-2758C801A613}.Release|Any CPU.Build.0 = Release|Any CPU
		{28ABB866-20E7-495A-A626-BBB72D32A2F3}.Debug|Any CPU.ActiveCfg = Debug|Any CPU
		{28ABB866-20E7-495A-A626-BBB72D32A2F3}.Debug|Any CPU.Build.0 = Debug|Any CPU
		{28ABB866-20E7-495A-A626-BBB72D32A2F3}.Release|Any CPU.ActiveCfg = Release|Any CPU
		{28ABB866-20E7-495A-A626-BBB72D32A2F3}.Release|Any CPU.Build.0 = Release|Any CPU
		{B6F50387-01C3-4D95-B389-3B2314A871B9}.Debug|Any CPU.ActiveCfg = Debug|Any CPU
		{B6F50387-01C3-4D95-B389-3B2314A871B9}.Debug|Any CPU.Build.0 = Debug|Any CPU
		{B6F50387-01C3-4D95-B389-3B2314A871B9}.Release|Any CPU.ActiveCfg = Release|Any CPU
		{B6F50387-01C3-4D95-B389-3B2314A871B9}.Release|Any CPU.Build.0 = Release|Any CPU
	EndGlobalSection
	GlobalSection(SolutionProperties) = preSolution
		HideSolutionNode = FALSE
	EndGlobalSection
	GlobalSection(ExtensibilityGlobals) = postSolution
		SolutionGuid = {0757EC8E-2AF8-4223-9E01-B782F73625D9}
	EndGlobalSection
EndGlobal
